// !$*UTF8*$!
{
	archiveVersion = 1;
	classes = {
	};
	objectVersion = 56;
	objects = {

/* Begin PBXBuildFile section */
		9E4C2DA32CE49FF500E86FC4 /* AppDelegate.swift in Sources */ = {isa = PBXBuildFile; fileRef = 9E4C2DA22CE49FF500E86FC4 /* AppDelegate.swift */; };
		9E4C2DA52CE49FF500E86FC4 /* SceneDelegate.swift in Sources */ = {isa = PBXBuildFile; fileRef = 9E4C2DA42CE49FF500E86FC4 /* SceneDelegate.swift */; };
		9E4C2DA72CE49FF500E86FC4 /* ViewController.swift in Sources */ = {isa = PBXBuildFile; fileRef = 9E4C2DA62CE49FF500E86FC4 /* ViewController.swift */; };
		9E4C2DAA2CE49FF500E86FC4 /* Base in Resources */ = {isa = PBXBuildFile; fileRef = 9E4C2DA92CE49FF500E86FC4 /* Base */; };
		9E4C2DAD2CE49FF500E86FC4 /* videoAssingment.xcdatamodeld in Sources */ = {isa = PBXBuildFile; fileRef = 9E4C2DAB2CE49FF500E86FC4 /* videoAssingment.xcdatamodeld */; };
		9E4C2DAF2CE49FF800E86FC4 /* Assets.xcassets in Resources */ = {isa = PBXBuildFile; fileRef = 9E4C2DAE2CE49FF800E86FC4 /* Assets.xcassets */; };
		9E4C2DB22CE49FF800E86FC4 /* Base in Resources */ = {isa = PBXBuildFile; fileRef = 9E4C2DB12CE49FF800E86FC4 /* Base */; };
		9E4C2DBD2CE49FF900E86FC4 /* videoAssingmentTests.swift in Sources */ = {isa = PBXBuildFile; fileRef = 9E4C2DBC2CE49FF900E86FC4 /* videoAssingmentTests.swift */; };
		9E4C2DC72CE49FF900E86FC4 /* videoAssingmentUITests.swift in Sources */ = {isa = PBXBuildFile; fileRef = 9E4C2DC62CE49FF900E86FC4 /* videoAssingmentUITests.swift */; };
		9E4C2DC92CE49FF900E86FC4 /* videoAssingmentUITestsLaunchTests.swift in Sources */ = {isa = PBXBuildFile; fileRef = 9E4C2DC82CE49FF900E86FC4 /* videoAssingmentUITestsLaunchTests.swift */; };
		9E6946C62CE773D5003C2F91 /* DetailsVC.swift in Sources */ = {isa = PBXBuildFile; fileRef = 9E6946C52CE773D5003C2F91 /* DetailsVC.swift */; };
		9E7EF78E2CE4AD5900262306 /* data.json in Resources */ = {isa = PBXBuildFile; fileRef = 9E7EF78D2CE4AD5800262306 /* data.json */; };
		9E7EF7902CE4ADC400262306 /* Networkfile.swift in Sources */ = {isa = PBXBuildFile; fileRef = 9E7EF78F2CE4ADC400262306 /* Networkfile.swift */; };
		9E7EF7942CE4B00A00262306 /* VideoData.swift in Sources */ = {isa = PBXBuildFile; fileRef = 9E7EF7932CE4B00A00262306 /* VideoData.swift */; };
		9E7EF7982CE4B4C900262306 /* VideoTableViewCell.xib in Resources */ = {isa = PBXBuildFile; fileRef = 9E7EF7972CE4B4C900262306 /* VideoTableViewCell.xib */; };
		9E7EF7992CE4B4C900262306 /* VideoTableViewCell.swift in Sources */ = {isa = PBXBuildFile; fileRef = 9E7EF7962CE4B4C900262306 /* VideoTableViewCell.swift */; };
		9ECFD1972CE69ED900B26BFD /* Extension+UIView.swift in Sources */ = {isa = PBXBuildFile; fileRef = 9ECFD1962CE69ED900B26BFD /* Extension+UIView.swift */; };
/* End PBXBuildFile section */

/* Begin PBXContainerItemProxy section */
		9E4C2DB92CE49FF900E86FC4 /* PBXContainerItemProxy */ = {
			isa = PBXContainerItemProxy;
			containerPortal = 9E4C2D972CE49FF500E86FC4 /* Project object */;
			proxyType = 1;
			remoteGlobalIDString = 9E4C2D9E2CE49FF500E86FC4;
			remoteInfo = videoAssingment;
		};
		9E4C2DC32CE49FF900E86FC4 /* PBXContainerItemProxy */ = {
			isa = PBXContainerItemProxy;
			containerPortal = 9E4C2D972CE49FF500E86FC4 /* Project object */;
			proxyType = 1;
			remoteGlobalIDString = 9E4C2D9E2CE49FF500E86FC4;
			remoteInfo = videoAssingment;
		};
/* End PBXContainerItemProxy section */

/* Begin PBXFileReference section */
		9E4C2D9F2CE49FF500E86FC4 /* videoAssingment.app */ = {isa = PBXFileReference; explicitFileType = wrapper.application; includeInIndex = 0; path = videoAssingment.app; sourceTree = BUILT_PRODUCTS_DIR; };
		9E4C2DA22CE49FF500E86FC4 /* AppDelegate.swift */ = {isa = PBXFileReference; lastKnownFileType = sourcecode.swift; path = AppDelegate.swift; sourceTree = "<group>"; };
		9E4C2DA42CE49FF500E86FC4 /* SceneDelegate.swift */ = {isa = PBXFileReference; lastKnownFileType = sourcecode.swift; path = SceneDelegate.swift; sourceTree = "<group>"; };
		9E4C2DA62CE49FF500E86FC4 /* ViewController.swift */ = {isa = PBXFileReference; lastKnownFileType = sourcecode.swift; path = ViewController.swift; sourceTree = "<group>"; };
		9E4C2DA92CE49FF500E86FC4 /* Base */ = {isa = PBXFileReference; lastKnownFileType = file.storyboard; name = Base; path = Base.lproj/Main.storyboard; sourceTree = "<group>"; };
		9E4C2DAC2CE49FF500E86FC4 /* videoAssingment.xcdatamodel */ = {isa = PBXFileReference; lastKnownFileType = wrapper.xcdatamodel; path = videoAssingment.xcdatamodel; sourceTree = "<group>"; };
		9E4C2DAE2CE49FF800E86FC4 /* Assets.xcassets */ = {isa = PBXFileReference; lastKnownFileType = folder.assetcatalog; path = Assets.xcassets; sourceTree = "<group>"; };
		9E4C2DB12CE49FF800E86FC4 /* Base */ = {isa = PBXFileReference; lastKnownFileType = file.storyboard; name = Base; path = Base.lproj/LaunchScreen.storyboard; sourceTree = "<group>"; };
		9E4C2DB32CE49FF800E86FC4 /* Info.plist */ = {isa = PBXFileReference; lastKnownFileType = text.plist.xml; path = Info.plist; sourceTree = "<group>"; };
		9E4C2DB82CE49FF900E86FC4 /* videoAssingmentTests.xctest */ = {isa = PBXFileReference; explicitFileType = wrapper.cfbundle; includeInIndex = 0; path = videoAssingmentTests.xctest; sourceTree = BUILT_PRODUCTS_DIR; };
		9E4C2DBC2CE49FF900E86FC4 /* videoAssingmentTests.swift */ = {isa = PBXFileReference; lastKnownFileType = sourcecode.swift; path = videoAssingmentTests.swift; sourceTree = "<group>"; };
		9E4C2DC22CE49FF900E86FC4 /* videoAssingmentUITests.xctest */ = {isa = PBXFileReference; explicitFileType = wrapper.cfbundle; includeInIndex = 0; path = videoAssingmentUITests.xctest; sourceTree = BUILT_PRODUCTS_DIR; };
		9E4C2DC62CE49FF900E86FC4 /* videoAssingmentUITests.swift */ = {isa = PBXFileReference; lastKnownFileType = sourcecode.swift; path = videoAssingmentUITests.swift; sourceTree = "<group>"; };
		9E4C2DC82CE49FF900E86FC4 /* videoAssingmentUITestsLaunchTests.swift */ = {isa = PBXFileReference; lastKnownFileType = sourcecode.swift; path = videoAssingmentUITestsLaunchTests.swift; sourceTree = "<group>"; };
		9E6946C52CE773D5003C2F91 /* DetailsVC.swift */ = {isa = PBXFileReference; lastKnownFileType = sourcecode.swift; path = DetailsVC.swift; sourceTree = "<group>"; };
		9E7EF78D2CE4AD5800262306 /* data.json */ = {isa = PBXFileReference; fileEncoding = 4; lastKnownFileType = text.json; path = data.json; sourceTree = "<group>"; };
		9E7EF78F2CE4ADC400262306 /* Networkfile.swift */ = {isa = PBXFileReference; lastKnownFileType = sourcecode.swift; path = Networkfile.swift; sourceTree = "<group>"; };
		9E7EF7932CE4B00A00262306 /* VideoData.swift */ = {isa = PBXFileReference; lastKnownFileType = sourcecode.swift; path = VideoData.swift; sourceTree = "<group>"; };
		9E7EF7962CE4B4C900262306 /* VideoTableViewCell.swift */ = {isa = PBXFileReference; lastKnownFileType = sourcecode.swift; path = VideoTableViewCell.swift; sourceTree = "<group>"; };
		9E7EF7972CE4B4C900262306 /* VideoTableViewCell.xib */ = {isa = PBXFileReference; lastKnownFileType = file.xib; path = VideoTableViewCell.xib; sourceTree = "<group>"; };
		9ECFD1962CE69ED900B26BFD /* Extension+UIView.swift */ = {isa = PBXFileReference; lastKnownFileType = sourcecode.swift; path = "Extension+UIView.swift"; sourceTree = "<group>"; };
/* End PBXFileReference section */

/* Begin PBXFrameworksBuildPhase section */
		9E4C2D9C2CE49FF500E86FC4 /* Frameworks */ = {
			isa = PBXFrameworksBuildPhase;
			buildActionMask = 2147483647;
			files = (
			);
			runOnlyForDeploymentPostprocessing = 0;
		};
		9E4C2DB52CE49FF900E86FC4 /* Frameworks */ = {
			isa = PBXFrameworksBuildPhase;
			buildActionMask = 2147483647;
			files = (
			);
			runOnlyForDeploymentPostprocessing = 0;
		};
		9E4C2DBF2CE49FF900E86FC4 /* Frameworks */ = {
			isa = PBXFrameworksBuildPhase;
			buildActionMask = 2147483647;
			files = (
			);
			runOnlyForDeploymentPostprocessing = 0;
		};
/* End PBXFrameworksBuildPhase section */

/* Begin PBXGroup section */
		9E4C2D962CE49FF500E86FC4 = {
			isa = PBXGroup;
			children = (
				9E4C2DA12CE49FF500E86FC4 /* videoAssingment */,
				9E4C2DBB2CE49FF900E86FC4 /* videoAssingmentTests */,
				9E4C2DC52CE49FF900E86FC4 /* videoAssingmentUITests */,
				9E4C2DA02CE49FF500E86FC4 /* Products */,
			);
			sourceTree = "<group>";
		};
		9E4C2DA02CE49FF500E86FC4 /* Products */ = {
			isa = PBXGroup;
			children = (
				9E4C2D9F2CE49FF500E86FC4 /* videoAssingment.app */,
				9E4C2DB82CE49FF900E86FC4 /* videoAssingmentTests.xctest */,
				9E4C2DC22CE49FF900E86FC4 /* videoAssingmentUITests.xctest */,
			);
			name = Products;
			sourceTree = "<group>";
		};
		9E4C2DA12CE49FF500E86FC4 /* videoAssingment */ = {
			isa = PBXGroup;
			children = (
				9E5810CA2CE5F48A00519899 /* ViewModel */,
				9E7EF7952CE4B36B00262306 /* View */,
				9E7EF7912CE4AFF600262306 /* Model */,
				9E4C2DA22CE49FF500E86FC4 /* AppDelegate.swift */,
				9E4C2DA42CE49FF500E86FC4 /* SceneDelegate.swift */,
				9E4C2DA62CE49FF500E86FC4 /* ViewController.swift */,
				9E4C2DA82CE49FF500E86FC4 /* Main.storyboard */,
				9E4C2DAE2CE49FF800E86FC4 /* Assets.xcassets */,
				9ECFD1952CE69EC100B26BFD /* Util */,
				9E4C2DB02CE49FF800E86FC4 /* LaunchScreen.storyboard */,
				9E4C2DB32CE49FF800E86FC4 /* Info.plist */,
				9E4C2DAB2CE49FF500E86FC4 /* videoAssingment.xcdatamodeld */,
				9E7EF78F2CE4ADC400262306 /* Networkfile.swift */,
				9E6946C52CE773D5003C2F91 /* DetailsVC.swift */,
			);
			path = videoAssingment;
			sourceTree = "<group>";
		};
		9E4C2DBB2CE49FF900E86FC4 /* videoAssingmentTests */ = {
			isa = PBXGroup;
			children = (
				9E4C2DBC2CE49FF900E86FC4 /* videoAssingmentTests.swift */,
			);
			path = videoAssingmentTests;
			sourceTree = "<group>";
		};
		9E4C2DC52CE49FF900E86FC4 /* videoAssingmentUITests */ = {
			isa = PBXGroup;
			children = (
				9E4C2DC62CE49FF900E86FC4 /* videoAssingmentUITests.swift */,
				9E4C2DC82CE49FF900E86FC4 /* videoAssingmentUITestsLaunchTests.swift */,
			);
			path = videoAssingmentUITests;
			sourceTree = "<group>";
		};
		9E5810CA2CE5F48A00519899 /* ViewModel */ = {
			isa = PBXGroup;
			children = (
			);
			path = ViewModel;
			sourceTree = "<group>";
		};
		9E7EF7912CE4AFF600262306 /* Model */ = {
			isa = PBXGroup;
			children = (
				9E7EF78D2CE4AD5800262306 /* data.json */,
				9E7EF7922CE4AFFC00262306 /* Response */,
			);
			path = Model;
			sourceTree = "<group>";
		};
		9E7EF7922CE4AFFC00262306 /* Response */ = {
			isa = PBXGroup;
			children = (
				9E7EF7932CE4B00A00262306 /* VideoData.swift */,
			);
			path = Response;
			sourceTree = "<group>";
		};
		9E7EF7952CE4B36B00262306 /* View */ = {
			isa = PBXGroup;
			children = (
				9E7EF7962CE4B4C900262306 /* VideoTableViewCell.swift */,
				9E7EF7972CE4B4C900262306 /* VideoTableViewCell.xib */,
			);
			path = View;
			sourceTree = "<group>";
		};
		9ECFD1952CE69EC100B26BFD /* Util */ = {
			isa = PBXGroup;
			children = (
				9ECFD1962CE69ED900B26BFD /* Extension+UIView.swift */,
			);
			path = Util;
			sourceTree = "<group>";
		};
/* End PBXGroup section */

/* Begin PBXNativeTarget section */
		9E4C2D9E2CE49FF500E86FC4 /* videoAssingment */ = {
			isa = PBXNativeTarget;
			buildConfigurationList = 9E4C2DCC2CE49FF900E86FC4 /* Build configuration list for PBXNativeTarget "videoAssingment" */;
			buildPhases = (
				9E4C2D9B2CE49FF500E86FC4 /* Sources */,
				9E4C2D9C2CE49FF500E86FC4 /* Frameworks */,
				9E4C2D9D2CE49FF500E86FC4 /* Resources */,
			);
			buildRules = (
			);
			dependencies = (
			);
			name = videoAssingment;
			productName = videoAssingment;
			productReference = 9E4C2D9F2CE49FF500E86FC4 /* videoAssingment.app */;
			productType = "com.apple.product-type.application";
		};
		9E4C2DB72CE49FF900E86FC4 /* videoAssingmentTests */ = {
			isa = PBXNativeTarget;
			buildConfigurationList = 9E4C2DCF2CE49FF900E86FC4 /* Build configuration list for PBXNativeTarget "videoAssingmentTests" */;
			buildPhases = (
				9E4C2DB42CE49FF900E86FC4 /* Sources */,
				9E4C2DB52CE49FF900E86FC4 /* Frameworks */,
				9E4C2DB62CE49FF900E86FC4 /* Resources */,
			);
			buildRules = (
			);
			dependencies = (
				9E4C2DBA2CE49FF900E86FC4 /* PBXTargetDependency */,
			);
			name = videoAssingmentTests;
			productName = videoAssingmentTests;
			productReference = 9E4C2DB82CE49FF900E86FC4 /* videoAssingmentTests.xctest */;
			productType = "com.apple.product-type.bundle.unit-test";
		};
		9E4C2DC12CE49FF900E86FC4 /* videoAssingmentUITests */ = {
			isa = PBXNativeTarget;
			buildConfigurationList = 9E4C2DD22CE49FF900E86FC4 /* Build configuration list for PBXNativeTarget "videoAssingmentUITests" */;
			buildPhases = (
				9E4C2DBE2CE49FF900E86FC4 /* Sources */,
				9E4C2DBF2CE49FF900E86FC4 /* Frameworks */,
				9E4C2DC02CE49FF900E86FC4 /* Resources */,
			);
			buildRules = (
			);
			dependencies = (
				9E4C2DC42CE49FF900E86FC4 /* PBXTargetDependency */,
			);
			name = videoAssingmentUITests;
			productName = videoAssingmentUITests;
			productReference = 9E4C2DC22CE49FF900E86FC4 /* videoAssingmentUITests.xctest */;
			productType = "com.apple.product-type.bundle.ui-testing";
		};
/* End PBXNativeTarget section */

/* Begin PBXProject section */
		9E4C2D972CE49FF500E86FC4 /* Project object */ = {
			isa = PBXProject;
			attributes = {
				BuildIndependentTargetsInParallel = 1;
				LastSwiftUpdateCheck = 1540;
				LastUpgradeCheck = 1540;
				TargetAttributes = {
					9E4C2D9E2CE49FF500E86FC4 = {
						CreatedOnToolsVersion = 15.4;
					};
					9E4C2DB72CE49FF900E86FC4 = {
						CreatedOnToolsVersion = 15.4;
						TestTargetID = 9E4C2D9E2CE49FF500E86FC4;
					};
					9E4C2DC12CE49FF900E86FC4 = {
						CreatedOnToolsVersion = 15.4;
						TestTargetID = 9E4C2D9E2CE49FF500E86FC4;
					};
				};
			};
			buildConfigurationList = 9E4C2D9A2CE49FF500E86FC4 /* Build configuration list for PBXProject "videoAssingment" */;
			compatibilityVersion = "Xcode 14.0";
			developmentRegion = en;
			hasScannedForEncodings = 0;
			knownRegions = (
				en,
				Base,
			);
			mainGroup = 9E4C2D962CE49FF500E86FC4;
			productRefGroup = 9E4C2DA02CE49FF500E86FC4 /* Products */;
			projectDirPath = "";
			projectRoot = "";
			targets = (
				9E4C2D9E2CE49FF500E86FC4 /* videoAssingment */,
				9E4C2DB72CE49FF900E86FC4 /* videoAssingmentTests */,
				9E4C2DC12CE49FF900E86FC4 /* videoAssingmentUITests */,
			);
		};
/* End PBXProject section */

/* Begin PBXResourcesBuildPhase section */
		9E4C2D9D2CE49FF500E86FC4 /* Resources */ = {
			isa = PBXResourcesBuildPhase;
			buildActionMask = 2147483647;
			files = (
				9E4C2DAF2CE49FF800E86FC4 /* Assets.xcassets in Resources */,
				9E4C2DB22CE49FF800E86FC4 /* Base in Resources */,
				9E4C2DAA2CE49FF500E86FC4 /* Base in Resources */,
				9E7EF7982CE4B4C900262306 /* VideoTableViewCell.xib in Resources */,
				9E7EF78E2CE4AD5900262306 /* data.json in Resources */,
			);
			runOnlyForDeploymentPostprocessing = 0;
		};
		9E4C2DB62CE49FF900E86FC4 /* Resources */ = {
			isa = PBXResourcesBuildPhase;
			buildActionMask = 2147483647;
			files = (
			);
			runOnlyForDeploymentPostprocessing = 0;
		};
		9E4C2DC02CE49FF900E86FC4 /* Resources */ = {
			isa = PBXResourcesBuildPhase;
			buildActionMask = 2147483647;
			files = (
			);
			runOnlyForDeploymentPostprocessing = 0;
		};
/* End PBXResourcesBuildPhase section */

/* Begin PBXSourcesBuildPhase section */
		9E4C2D9B2CE49FF500E86FC4 /* Sources */ = {
			isa = PBXSourcesBuildPhase;
			buildActionMask = 2147483647;
			files = (
				9E4C2DAD2CE49FF500E86FC4 /* videoAssingment.xcdatamodeld in Sources */,
				9E7EF7902CE4ADC400262306 /* Networkfile.swift in Sources */,
				9ECFD1972CE69ED900B26BFD /* Extension+UIView.swift in Sources */,
				9E7EF7992CE4B4C900262306 /* VideoTableViewCell.swift in Sources */,
				9E6946C62CE773D5003C2F91 /* DetailsVC.swift in Sources */,
				9E4C2DA72CE49FF500E86FC4 /* ViewController.swift in Sources */,
				9E7EF7942CE4B00A00262306 /* VideoData.swift in Sources */,
				9E4C2DA32CE49FF500E86FC4 /* AppDelegate.swift in Sources */,
				9E4C2DA52CE49FF500E86FC4 /* SceneDelegate.swift in Sources */,
			);
			runOnlyForDeploymentPostprocessing = 0;
		};
		9E4C2DB42CE49FF900E86FC4 /* Sources */ = {
			isa = PBXSourcesBuildPhase;
			buildActionMask = 2147483647;
			files = (
				9E4C2DBD2CE49FF900E86FC4 /* videoAssingmentTests.swift in Sources */,
			);
			runOnlyForDeploymentPostprocessing = 0;
		};
		9E4C2DBE2CE49FF900E86FC4 /* Sources */ = {
			isa = PBXSourcesBuildPhase;
			buildActionMask = 2147483647;
			files = (
				9E4C2DC72CE49FF900E86FC4 /* videoAssingmentUITests.swift in Sources */,
				9E4C2DC92CE49FF900E86FC4 /* videoAssingmentUITestsLaunchTests.swift in Sources */,
			);
			runOnlyForDeploymentPostprocessing = 0;
		};
/* End PBXSourcesBuildPhase section */

/* Begin PBXTargetDependency section */
		9E4C2DBA2CE49FF900E86FC4 /* PBXTargetDependency */ = {
			isa = PBXTargetDependency;
			target = 9E4C2D9E2CE49FF500E86FC4 /* videoAssingment */;
			targetProxy = 9E4C2DB92CE49FF900E86FC4 /* PBXContainerItemProxy */;
		};
		9E4C2DC42CE49FF900E86FC4 /* PBXTargetDependency */ = {
			isa = PBXTargetDependency;
			target = 9E4C2D9E2CE49FF500E86FC4 /* videoAssingment */;
			targetProxy = 9E4C2DC32CE49FF900E86FC4 /* PBXContainerItemProxy */;
		};
/* End PBXTargetDependency section */

/* Begin PBXVariantGroup section */
		9E4C2DA82CE49FF500E86FC4 /* Main.storyboard */ = {
			isa = PBXVariantGroup;
			children = (
				9E4C2DA92CE49FF500E86FC4 /* Base */,
			);
			name = Main.storyboard;
			sourceTree = "<group>";
		};
		9E4C2DB02CE49FF800E86FC4 /* LaunchScreen.storyboard */ = {
			isa = PBXVariantGroup;
			children = (
				9E4C2DB12CE49FF800E86FC4 /* Base */,
			);
			name = LaunchScreen.storyboard;
			sourceTree = "<group>";
		};
/* End PBXVariantGroup section */

/* Begin XCBuildConfiguration section */
		9E4C2DCA2CE49FF900E86FC4 /* Debug */ = {
			isa = XCBuildConfiguration;
			buildSettings = {
				ALWAYS_SEARCH_USER_PATHS = NO;
				ASSETCATALOG_COMPILER_GENERATE_SWIFT_ASSET_SYMBOL_EXTENSIONS = YES;
				CLANG_ANALYZER_NONNULL = YES;
				CLANG_ANALYZER_NUMBER_OBJECT_CONVERSION = YES_AGGRESSIVE;
				CLANG_CXX_LANGUAGE_STANDARD = "gnu++20";
				CLANG_ENABLE_MODULES = YES;
				CLANG_ENABLE_OBJC_ARC = YES;
				CLANG_ENABLE_OBJC_WEAK = YES;
				CLANG_WARN_BLOCK_CAPTURE_AUTORELEASING = YES;
				CLANG_WARN_BOOL_CONVERSION = YES;
				CLANG_WARN_COMMA = YES;
				CLANG_WARN_CONSTANT_CONVERSION = YES;
				CLANG_WARN_DEPRECATED_OBJC_IMPLEMENTATIONS = YES;
				CLANG_WARN_DIRECT_OBJC_ISA_USAGE = YES_ERROR;
				CLANG_WARN_DOCUMENTATION_COMMENTS = YES;
				CLANG_WARN_EMPTY_BODY = YES;
				CLANG_WARN_ENUM_CONVERSION = YES;
				CLANG_WARN_INFINITE_RECURSION = YES;
				CLANG_WARN_INT_CONVERSION = YES;
				CLANG_WARN_NON_LITERAL_NULL_CONVERSION = YES;
				CLANG_WARN_OBJC_IMPLICIT_RETAIN_SELF = YES;
				CLANG_WARN_OBJC_LITERAL_CONVERSION = YES;
				CLANG_WARN_OBJC_ROOT_CLASS = YES_ERROR;
				CLANG_WARN_QUOTED_INCLUDE_IN_FRAMEWORK_HEADER = YES;
				CLANG_WARN_RANGE_LOOP_ANALYSIS = YES;
				CLANG_WARN_STRICT_PROTOTYPES = YES;
				CLANG_WARN_SUSPICIOUS_MOVE = YES;
				CLANG_WARN_UNGUARDED_AVAILABILITY = YES_AGGRESSIVE;
				CLANG_WARN_UNREACHABLE_CODE = YES;
				CLANG_WARN__DUPLICATE_METHOD_MATCH = YES;
				COPY_PHASE_STRIP = NO;
				DEBUG_INFORMATION_FORMAT = dwarf;
				ENABLE_STRICT_OBJC_MSGSEND = YES;
				ENABLE_TESTABILITY = YES;
				ENABLE_USER_SCRIPT_SANDBOXING = YES;
				GCC_C_LANGUAGE_STANDARD = gnu17;
				GCC_DYNAMIC_NO_PIC = NO;
				GCC_NO_COMMON_BLOCKS = YES;
				GCC_OPTIMIZATION_LEVEL = 0;
				GCC_PREPROCESSOR_DEFINITIONS = (
					"DEBUG=1",
					"$(inherited)",
				);
				GCC_WARN_64_TO_32_BIT_CONVERSION = YES;
				GCC_WARN_ABOUT_RETURN_TYPE = YES_ERROR;
				GCC_WARN_UNDECLARED_SELECTOR = YES;
				GCC_WARN_UNINITIALIZED_AUTOS = YES_AGGRESSIVE;
				GCC_WARN_UNUSED_FUNCTION = YES;
				GCC_WARN_UNUSED_VARIABLE = YES;
				IPHONEOS_DEPLOYMENT_TARGET = 17.5;
				LOCALIZATION_PREFERS_STRING_CATALOGS = YES;
				MTL_ENABLE_DEBUG_INFO = INCLUDE_SOURCE;
				MTL_FAST_MATH = YES;
				ONLY_ACTIVE_ARCH = YES;
				SDKROOT = iphoneos;
				SWIFT_ACTIVE_COMPILATION_CONDITIONS = "DEBUG $(inherited)";
				SWIFT_OPTIMIZATION_LEVEL = "-Onone";
			};
			name = Debug;
		};
		9E4C2DCB2CE49FF900E86FC4 /* Release */ = {
			isa = XCBuildConfiguration;
			buildSettings = {
				ALWAYS_SEARCH_USER_PATHS = NO;
				ASSETCATALOG_COMPILER_GENERATE_SWIFT_ASSET_SYMBOL_EXTENSIONS = YES;
				CLANG_ANALYZER_NONNULL = YES;
				CLANG_ANALYZER_NUMBER_OBJECT_CONVERSION = YES_AGGRESSIVE;
				CLANG_CXX_LANGUAGE_STANDARD = "gnu++20";
				CLANG_ENABLE_MODULES = YES;
				CLANG_ENABLE_OBJC_ARC = YES;
				CLANG_ENABLE_OBJC_WEAK = YES;
				CLANG_WARN_BLOCK_CAPTURE_AUTORELEASING = YES;
				CLANG_WARN_BOOL_CONVERSION = YES;
				CLANG_WARN_COMMA = YES;
				CLANG_WARN_CONSTANT_CONVERSION = YES;
				CLANG_WARN_DEPRECATED_OBJC_IMPLEMENTATIONS = YES;
				CLANG_WARN_DIRECT_OBJC_ISA_USAGE = YES_ERROR;
				CLANG_WARN_DOCUMENTATION_COMMENTS = YES;
				CLANG_WARN_EMPTY_BODY = YES;
				CLANG_WARN_ENUM_CONVERSION = YES;
				CLANG_WARN_INFINITE_RECURSION = YES;
				CLANG_WARN_INT_CONVERSION = YES;
				CLANG_WARN_NON_LITERAL_NULL_CONVERSION = YES;
				CLANG_WARN_OBJC_IMPLICIT_RETAIN_SELF = YES;
				CLANG_WARN_OBJC_LITERAL_CONVERSION = YES;
				CLANG_WARN_OBJC_ROOT_CLASS = YES_ERROR;
				CLANG_WARN_QUOTED_INCLUDE_IN_FRAMEWORK_HEADER = YES;
				CLANG_WARN_RANGE_LOOP_ANALYSIS = YES;
				CLANG_WARN_STRICT_PROTOTYPES = YES;
				CLANG_WARN_SUSPICIOUS_MOVE = YES;
				CLANG_WARN_UNGUARDED_AVAILABILITY = YES_AGGRESSIVE;
				CLANG_WARN_UNREACHABLE_CODE = YES;
				CLANG_WARN__DUPLICATE_METHOD_MATCH = YES;
				COPY_PHASE_STRIP = NO;
				DEBUG_INFORMATION_FORMAT = "dwarf-with-dsym";
				ENABLE_NS_ASSERTIONS = NO;
				ENABLE_STRICT_OBJC_MSGSEND = YES;
				ENABLE_USER_SCRIPT_SANDBOXING = YES;
				GCC_C_LANGUAGE_STANDARD = gnu17;
				GCC_NO_COMMON_BLOCKS = YES;
				GCC_WARN_64_TO_32_BIT_CONVERSION = YES;
				GCC_WARN_ABOUT_RETURN_TYPE = YES_ERROR;
				GCC_WARN_UNDECLARED_SELECTOR = YES;
				GCC_WARN_UNINITIALIZED_AUTOS = YES_AGGRESSIVE;
				GCC_WARN_UNUSED_FUNCTION = YES;
				GCC_WARN_UNUSED_VARIABLE = YES;
				IPHONEOS_DEPLOYMENT_TARGET = 17.5;
				LOCALIZATION_PREFERS_STRING_CATALOGS = YES;
				MTL_ENABLE_DEBUG_INFO = NO;
				MTL_FAST_MATH = YES;
				SDKROOT = iphoneos;
				SWIFT_COMPILATION_MODE = wholemodule;
				VALIDATE_PRODUCT = YES;
			};
			name = Release;
		};
		9E4C2DCD2CE49FF900E86FC4 /* Debug */ = {
			isa = XCBuildConfiguration;
			buildSettings = {
				ASSETCATALOG_COMPILER_APPICON_NAME = AppIcon;
				ASSETCATALOG_COMPILER_GLOBAL_ACCENT_COLOR_NAME = AccentColor;
				CODE_SIGN_STYLE = Automatic;
				CURRENT_PROJECT_VERSION = 1;
				DEVELOPMENT_TEAM = Z5299HYTG2;
				GENERATE_INFOPLIST_FILE = YES;
				INFOPLIST_FILE = videoAssingment/Info.plist;
				INFOPLIST_KEY_UIApplicationSupportsIndirectInputEvents = YES;
				INFOPLIST_KEY_UILaunchStoryboardName = LaunchScreen;
				INFOPLIST_KEY_UIMainStoryboardFile = Main;
				INFOPLIST_KEY_UISupportedInterfaceOrientations_iPad = "UIInterfaceOrientationPortrait UIInterfaceOrientationPortraitUpsideDown UIInterfaceOrientationLandscapeLeft UIInterfaceOrientationLandscapeRight";
				INFOPLIST_KEY_UISupportedInterfaceOrientations_iPhone = "UIInterfaceOrientationPortrait UIInterfaceOrientationLandscapeLeft UIInterfaceOrientationLandscapeRight";
				IPHONEOS_DEPLOYMENT_TARGET = 15.0;
				LD_RUNPATH_SEARCH_PATHS = (
					"$(inherited)",
					"@executable_path/Frameworks",
				);
				MARKETING_VERSION = 1.0;
				PRODUCT_BUNDLE_IDENTIFIER = com.Abhinav.;
				PRODUCT_NAME = "$(TARGET_NAME)";
				SWIFT_EMIT_LOC_STRINGS = YES;
				SWIFT_VERSION = 5.0;
				TARGETED_DEVICE_FAMILY = "1,2";
			};
			name = Debug;
		};
		9E4C2DCE2CE49FF900E86FC4 /* Release */ = {
			isa = XCBuildConfiguration;
			buildSettings = {
				ASSETCATALOG_COMPILER_APPICON_NAME = AppIcon;
				ASSETCATALOG_COMPILER_GLOBAL_ACCENT_COLOR_NAME = AccentColor;
				CODE_SIGN_STYLE = Automatic;
				CURRENT_PROJECT_VERSION = 1;
				DEVELOPMENT_TEAM = Z5299HYTG2;
				GENERATE_INFOPLIST_FILE = YES;
				INFOPLIST_FILE = videoAssingment/Info.plist;
				INFOPLIST_KEY_UIApplicationSupportsIndirectInputEvents = YES;
				INFOPLIST_KEY_UILaunchStoryboardName = LaunchScreen;
				INFOPLIST_KEY_UIMainStoryboardFile = Main;
				INFOPLIST_KEY_UISupportedInterfaceOrientations_iPad = "UIInterfaceOrientationPortrait UIInterfaceOrientationPortraitUpsideDown UIInterfaceOrientationLandscapeLeft UIInterfaceOrientationLandscapeRight";
				INFOPLIST_KEY_UISupportedInterfaceOrientations_iPhone = "UIInterfaceOrientationPortrait UIInterfaceOrientationLandscapeLeft UIInterfaceOrientationLandscapeRight";
				IPHONEOS_DEPLOYMENT_TARGET = 15.0;
				LD_RUNPATH_SEARCH_PATHS = (
					"$(inherited)",
					"@executable_path/Frameworks",
				);
				MARKETING_VERSION = 1.0;
				PRODUCT_BUNDLE_IDENTIFIER = com.Abhinav.;
				PRODUCT_NAME = "$(TARGET_NAME)";
				SWIFT_EMIT_LOC_STRINGS = YES;
				SWIFT_VERSION = 5.0;
				TARGETED_DEVICE_FAMILY = "1,2";
			};
			name = Release;
		};
		9E4C2DD02CE49FF900E86FC4 /* Debug */ = {
			isa = XCBuildConfiguration;
			buildSettings = {
				ALWAYS_EMBED_SWIFT_STANDARD_LIBRARIES = YES;
				BUNDLE_LOADER = "$(TEST_HOST)";
				CODE_SIGN_STYLE = Automatic;
				CURRENT_PROJECT_VERSION = 1;
				DEVELOPMENT_TEAM = Z5299HYTG2;
				GENERATE_INFOPLIST_FILE = YES;
				IPHONEOS_DEPLOYMENT_TARGET = 17.5;
				MARKETING_VERSION = 1.0;
				PRODUCT_BUNDLE_IDENTIFIER = com.Abhinav..videoAssingmentTests;
				PRODUCT_NAME = "$(TARGET_NAME)";
				SWIFT_EMIT_LOC_STRINGS = NO;
				SWIFT_VERSION = 5.0;
				TARGETED_DEVICE_FAMILY = "1,2";
				TEST_HOST = "$(BUILT_PRODUCTS_DIR)/videoAssingment.app/$(BUNDLE_EXECUTABLE_FOLDER_PATH)/videoAssingment";
			};
			name = Debug;
		};
		9E4C2DD12CE49FF900E86FC4 /* Release */ = {
			isa = XCBuildConfiguration;
			buildSettings = {
				ALWAYS_EMBED_SWIFT_STANDARD_LIBRARIES = YES;
				BUNDLE_LOADER = "$(TEST_HOST)";
				CODE_SIGN_STYLE = Automatic;
				CURRENT_PROJECT_VERSION = 1;
				DEVELOPMENT_TEAM = Z5299HYTG2;
				GENERATE_INFOPLIST_FILE = YES;
				IPHONEOS_DEPLOYMENT_TARGET = 17.5;
				MARKETING_VERSION = 1.0;
				PRODUCT_BUNDLE_IDENTIFIER = com.Abhinav..videoAssingmentTests;
				PRODUCT_NAME = "$(TARGET_NAME)";
				SWIFT_EMIT_LOC_STRINGS = NO;
				SWIFT_VERSION = 5.0;
				TARGETED_DEVICE_FAMILY = "1,2";
				TEST_HOST = "$(BUILT_PRODUCTS_DIR)/videoAssingment.app/$(BUNDLE_EXECUTABLE_FOLDER_PATH)/videoAssingment";
			};
			name = Release;
		};
		9E4C2DD32CE49FF900E86FC4 /* Debug */ = {
			isa = XCBuildConfiguration;
			buildSettings = {
				ALWAYS_EMBED_SWIFT_STANDARD_LIBRARIES = YES;
				CODE_SIGN_STYLE = Automatic;
				CURRENT_PROJECT_VERSION = 1;
				DEVELOPMENT_TEAM = Z5299HYTG2;
				GENERATE_INFOPLIST_FILE = YES;
				MARKETING_VERSION = 1.0;
				PRODUCT_BUNDLE_IDENTIFIER = com.Abhinav..videoAssingmentUITests;
				PRODUCT_NAME = "$(TARGET_NAME)";
				SWIFT_EMIT_LOC_STRINGS = NO;
				SWIFT_VERSION = 5.0;
				TARGETED_DEVICE_FAMILY = "1,2";
				TEST_TARGET_NAME = videoAssingment;
			};
			name = Debug;
		};
		9E4C2DD42CE49FF900E86FC4 /* Release */ = {
			isa = XCBuildConfiguration;
			buildSettings = {
				ALWAYS_EMBED_SWIFT_STANDARD_LIBRARIES = YES;
				CODE_SIGN_STYLE = Automatic;
				CURRENT_PROJECT_VERSION = 1;
				DEVELOPMENT_TEAM = Z5299HYTG2;
				GENERATE_INFOPLIST_FILE = YES;
				MARKETING_VERSION = 1.0;
				PRODUCT_BUNDLE_IDENTIFIER = com.Abhinav..videoAssingmentUITests;
				PRODUCT_NAME = "$(TARGET_NAME)";
				SWIFT_EMIT_LOC_STRINGS = NO;
				SWIFT_VERSION = 5.0;
				TARGETED_DEVICE_FAMILY = "1,2";
				TEST_TARGET_NAME = videoAssingment;
			};
			name = Release;
		};
/* End XCBuildConfiguration section */

/* Begin XCConfigurationList section */
		9E4C2D9A2CE49FF500E86FC4 /* Build configuration list for PBXProject "videoAssingment" */ = {
			isa = XCConfigurationList;
			buildConfigurations = (
				9E4C2DCA2CE49FF900E86FC4 /* Debug */,
				9E4C2DCB2CE49FF900E86FC4 /* Release */,
			);
			defaultConfigurationIsVisible = 0;
			defaultConfigurationName = Release;
		};
		9E4C2DCC2CE49FF900E86FC4 /* Build configuration list for PBXNativeTarget "videoAssingment" */ = {
			isa = XCConfigurationList;
			buildConfigurations = (
				9E4C2DCD2CE49FF900E86FC4 /* Debug */,
				9E4C2DCE2CE49FF900E86FC4 /* Release */,
			);
			defaultConfigurationIsVisible = 0;
			defaultConfigurationName = Release;
		};
		9E4C2DCF2CE49FF900E86FC4 /* Build configuration list for PBXNativeTarget "videoAssingmentTests" */ = {
			isa = XCConfigurationList;
			buildConfigurations = (
				9E4C2DD02CE49FF900E86FC4 /* Debug */,
				9E4C2DD12CE49FF900E86FC4 /* Release */,
			);
			defaultConfigurationIsVisible = 0;
			defaultConfigurationName = Release;
		};
		9E4C2DD22CE49FF900E86FC4 /* Build configuration list for PBXNativeTarget "videoAssingmentUITests" */ = {
			isa = XCConfigurationList;
			buildConfigurations = (
				9E4C2DD32CE49FF900E86FC4 /* Debug */,
				9E4C2DD42CE49FF900E86FC4 /* Release */,
			);
			defaultConfigurationIsVisible = 0;
			defaultConfigurationName = Release;
		};
/* End XCConfigurationList section */

/* Begin XCVersionGroup section */
		9E4C2DAB2CE49FF500E86FC4 /* videoAssingment.xcdatamodeld */ = {
			isa = XCVersionGroup;
			children = (
				9E4C2DAC2CE49FF500E86FC4 /* videoAssingment.xcdatamodel */,
			);
			currentVersion = 9E4C2DAC2CE49FF500E86FC4 /* videoAssingment.xcdatamodel */;
			path = videoAssingment.xcdatamodeld;
			sourceTree = "<group>";
			versionGroupType = wrapper.xcdatamodel;
		};
/* End XCVersionGroup section */
	};
	rootObject = 9E4C2D972CE49FF500E86FC4 /* Project object */;
}
